{
  "originHash" : "9584b1cde3340da3887a177d35eec8132debee094c4c7ab52f304ae98a3e7d90",
  "pins" : [
    {
      "identity" : "neechan-ffmpeg",
      "kind" : "remoteSourceControl",
      "location" : "https://github.com/leros1337/neechan-ffmpeg.git",
      "state" : {
        "revision" : "08cdb78b81c1f16a470d27fa9af340bbda57519f",
        "version" : "9.0.4"
      }
    }
  ],
  "version" : 3
}
