{
  "originHash" : "e803e42c5dd28a30bc90db08529332a87420b416420fa647f1dce03bab986aa6",
  "pins" : [
    {
      "identity" : "neechan-ffmpeg",
      "kind" : "remoteSourceControl",
      "location" : "https://github.com/leros1337/neechan-ffmpeg.git",
      "state" : {
        "revision" : "2fcd740ec02b9d9567354c1c3f65d59cf2aee8bc",
        "version" : "9.0.2"
      }
    }
  ],
  "version" : 3
}
