{
  "originHash" : "038e2839e6f23638202a9fe48b0044584ba5a41ddff3489c354e820dfffde800",
  "pins" : [
    {
      "identity" : "neechan-ffmpeg",
      "kind" : "remoteSourceControl",
      "location" : "https://github.com/leros1337/neechan-ffmpeg.git",
      "state" : {
        "revision" : "51daca322da5ca14c047be6736bbe053841c66ef",
        "version" : "9.0.3"
      }
    }
  ],
  "version" : 3
}
